// !$*UTF8*$!
{
	archiveVersion = 1;
	classes = {
	};
	objectVersion = 56;
	objects = {

/* Begin PBXBuildFile section */
		C06FE59C2C078B7900F0C573 /* DataModel.swift in Sources */ = {isa = PBXBuildFile; fileRef = C06FE59B2C078B7900F0C573 /* DataModel.swift */; };
		C06FE59E2C079CE800F0C573 /* SignUp.swift in Sources */ = {isa = PBXBuildFile; fileRef = C06FE59D2C079CE800F0C573 /* SignUp.swift */; };
		C06FE5A12C079D6C00F0C573 /* UserInterface.swift in Sources */ = {isa = PBXBuildFile; fileRef = C06FE5A02C079D6C00F0C573 /* UserInterface.swift */; };
		C06FE5A32C079D9500F0C573 /* SignIn.swift in Sources */ = {isa = PBXBuildFile; fileRef = C06FE5A22C079D9500F0C573 /* SignIn.swift */; };
		C0BFDF082C07884000FB277F /* HospitalManagementSystemApp.swift in Sources */ = {isa = PBXBuildFile; fileRef = C0BFDF072C07884000FB277F /* HospitalManagementSystemApp.swift */; };
		C0BFDF0A2C07884000FB277F /* ContentView.swift in Sources */ = {isa = PBXBuildFile; fileRef = C0BFDF092C07884000FB277F /* ContentView.swift */; };
		C0BFDF0C2C07884100FB277F /* Assets.xcassets in Resources */ = {isa = PBXBuildFile; fileRef = C0BFDF0B2C07884100FB277F /* Assets.xcassets */; };
		C0BFDF0F2C07884100FB277F /* Preview Assets.xcassets in Resources */ = {isa = PBXBuildFile; fileRef = C0BFDF0E2C07884100FB277F /* Preview Assets.xcassets */; };
/* End PBXBuildFile section */

/* Begin PBXFileReference section */
		C06FE59B2C078B7900F0C573 /* DataModel.swift */ = {isa = PBXFileReference; lastKnownFileType = sourcecode.swift; path = DataModel.swift; sourceTree = "<group>"; };
		C06FE59D2C079CE800F0C573 /* SignUp.swift */ = {isa = PBXFileReference; lastKnownFileType = sourcecode.swift; path = SignUp.swift; sourceTree = "<group>"; };
		C06FE5A02C079D6C00F0C573 /* UserInterface.swift */ = {isa = PBXFileReference; lastKnownFileType = sourcecode.swift; path = UserInterface.swift; sourceTree = "<group>"; };
		C06FE5A22C079D9500F0C573 /* SignIn.swift */ = {isa = PBXFileReference; lastKnownFileType = sourcecode.swift; path = SignIn.swift; sourceTree = "<group>"; };
		C0BFDF042C07884000FB277F /* HospitalManagementSystem.app */ = {isa = PBXFileReference; explicitFileType = wrapper.application; includeInIndex = 0; path = HospitalManagementSystem.app; sourceTree = BUILT_PRODUCTS_DIR; };
		C0BFDF072C07884000FB277F /* HospitalManagementSystemApp.swift */ = {isa = PBXFileReference; lastKnownFileType = sourcecode.swift; path = HospitalManagementSystemApp.swift; sourceTree = "<group>"; };
		C0BFDF092C07884000FB277F /* ContentView.swift */ = {isa = PBXFileReference; lastKnownFileType = sourcecode.swift; path = ContentView.swift; sourceTree = "<group>"; };
		C0BFDF0B2C07884100FB277F /* Assets.xcassets */ = {isa = PBXFileReference; lastKnownFileType = folder.assetcatalog; path = Assets.xcassets; sourceTree = "<group>"; };
		C0BFDF0E2C07884100FB277F /* Preview Assets.xcassets */ = {isa = PBXFileReference; lastKnownFileType = folder.assetcatalog; path = "Preview Assets.xcassets"; sourceTree = "<group>"; };
/* End PBXFileReference section */

/* Begin PBXFrameworksBuildPhase section */
		C0BFDF012C07884000FB277F /* Frameworks */ = {
			isa = PBXFrameworksBuildPhase;
			buildActionMask = 2147483647;
			files = (
			);
			runOnlyForDeploymentPostprocessing = 0;
		};
/* End PBXFrameworksBuildPhase section */

/* Begin PBXGroup section */
		C06FE59A2C078B5E00F0C573 /* Data Models */ = {
			isa = PBXGroup;
			children = (
				C06FE59B2C078B7900F0C573 /* DataModel.swift */,
			);
			path = "Data Models";
			sourceTree = "<group>";
		};
		C06FE59F2C079CF000F0C573 /* Authentication */ = {
			isa = PBXGroup;
			children = (
				C06FE59D2C079CE800F0C573 /* SignUp.swift */,
				C06FE5A02C079D6C00F0C573 /* UserInterface.swift */,
				C06FE5A22C079D9500F0C573 /* SignIn.swift */,
			);
			path = Authentication;
			sourceTree = "<group>";
		};
		C0BFDEFB2C07884000FB277F = {
			isa = PBXGroup;
			children = (
				C0BFDF062C07884000FB277F /* HospitalManagementSystem */,
				C0BFDF052C07884000FB277F /* Products */,
			);
			sourceTree = "<group>";
		};
		C0BFDF052C07884000FB277F /* Products */ = {
			isa = PBXGroup;
			children = (
				C0BFDF042C07884000FB277F /* HospitalManagementSystem.app */,
			);
			name = Products;
			sourceTree = "<group>";
		};
		C0BFDF062C07884000FB277F /* HospitalManagementSystem */ = {
			isa = PBXGroup;
			children = (
				C0F1457F2C0987F500FCD555 /* Admin */,
				C0F1457E2C0987EB00FCD555 /* Doctors */,
				C0F1457D2C0987E300FCD555 /* Patient */,
				C06FE59F2C079CF000F0C573 /* Authentication */,
				C06FE59A2C078B5E00F0C573 /* Data Models */,
				C0BFDF072C07884000FB277F /* HospitalManagementSystemApp.swift */,
				C0BFDF092C07884000FB277F /* ContentView.swift */,
				C0BFDF0B2C07884100FB277F /* Assets.xcassets */,
				C0BFDF0D2C07884100FB277F /* Preview Content */,
			);
			path = HospitalManagementSystem;
			sourceTree = "<group>";
		};
		C0BFDF0D2C07884100FB277F /* Preview Content */ = {
			isa = PBXGroup;
			children = (
				C0BFDF0E2C07884100FB277F /* Preview Assets.xcassets */,
			);
			path = "Preview Content";
			sourceTree = "<group>";
		};
		C0F1457D2C0987E300FCD555 /* Patient */ = {
			isa = PBXGroup;
			children = (
			);
			path = Patient;
			sourceTree = "<group>";
		};
		C0F1457E2C0987EB00FCD555 /* Doctors */ = {
			isa = PBXGroup;
			children = (
			);
			path = Doctors;
			sourceTree = "<group>";
		};
		C0F1457F2C0987F500FCD555 /* Admin */ = {
			isa = PBXGroup;
			children = (
			);
			path = Admin;
			sourceTree = "<group>";
		};
/* End PBXGroup section */

/* Begin PBXNativeTarget section */
		C0BFDF032C07884000FB277F /* HospitalManagementSystem */ = {
			isa = PBXNativeTarget;
			buildConfigurationList = C0BFDF122C07884100FB277F /* Build configuration list for PBXNativeTarget "HospitalManagementSystem" */;
			buildPhases = (
				C0BFDF002C07884000FB277F /* Sources */,
				C0BFDF012C07884000FB277F /* Frameworks */,
				C0BFDF022C07884000FB277F /* Resources */,
			);
			buildRules = (
			);
			dependencies = (
			);
			name = HospitalManagementSystem;
			productName = HospitalManagementSystem;
			productReference = C0BFDF042C07884000FB277F /* HospitalManagementSystem.app */;
			productType = "com.apple.product-type.application";
		};
/* End PBXNativeTarget section */

/* Begin PBXProject section */
		C0BFDEFC2C07884000FB277F /* Project object */ = {
			isa = PBXProject;
			attributes = {
				BuildIndependentTargetsInParallel = 1;
				LastSwiftUpdateCheck = 1530;
				LastUpgradeCheck = 1530;
				TargetAttributes = {
					C0BFDF032C07884000FB277F = {
						CreatedOnToolsVersion = 15.3;
					};
				};
			};
			buildConfigurationList = C0BFDEFF2C07884000FB277F /* Build configuration list for PBXProject "HospitalManagementSystem" */;
			compatibilityVersion = "Xcode 14.0";
			developmentRegion = en;
			hasScannedForEncodings = 0;
			knownRegions = (
				en,
				Base,
			);
			mainGroup = C0BFDEFB2C07884000FB277F;
			productRefGroup = C0BFDF052C07884000FB277F /* Products */;
			projectDirPath = "";
			projectRoot = "";
			targets = (
				C0BFDF032C07884000FB277F /* HospitalManagementSystem */,
			);
		};
/* End PBXProject section */

/* Begin PBXResourcesBuildPhase section */
		C0BFDF022C07884000FB277F /* Resources */ = {
			isa = PBXResourcesBuildPhase;
			buildActionMask = 2147483647;
			files = (
				C0BFDF0F2C07884100FB277F /* Preview Assets.xcassets in Resources */,
				C0BFDF0C2C07884100FB277F /* Assets.xcassets in Resources */,
			);
			runOnlyForDeploymentPostprocessing = 0;
		};
/* End PBXResourcesBuildPhase section */

/* Begin PBXSourcesBuildPhase section */
		C0BFDF002C07884000FB277F /* Sources */ = {
			isa = PBXSourcesBuildPhase;
			buildActionMask = 2147483647;
			files = (
				C0BFDF0A2C07884000FB277F /* ContentView.swift in Sources */,
				C06FE5A32C079D9500F0C573 /* SignIn.swift in Sources */,
				C06FE59E2C079CE800F0C573 /* SignUp.swift in Sources */,
				C0BFDF082C07884000FB277F /* HospitalManagementSystemApp.swift in Sources */,
				C06FE59C2C078B7900F0C573 /* DataModel.swift in Sources */,
				C06FE5A12C079D6C00F0C573 /* UserInterface.swift in Sources */,
			);
			runOnlyForDeploymentPostprocessing = 0;
		};
/* End PBXSourcesBuildPhase section */

/* Begin XCBuildConfiguration section */
		C0BFDF102C07884100FB277F /* Debug */ = {
			isa = XCBuildConfiguration;
			buildSettings = {
				ALWAYS_SEARCH_USER_PATHS = NO;
				ASSETCATALOG_COMPILER_GENERATE_SWIFT_ASSET_SYMBOL_EXTENSIONS = YES;
				CLANG_ANALYZER_NONNULL = YES;
				CLANG_ANALYZER_NUMBER_OBJECT_CONVERSION = YES_AGGRESSIVE;
				CLANG_CXX_LANGUAGE_STANDARD = "gnu++20";
				CLANG_ENABLE_MODULES = YES;
				CLANG_ENABLE_OBJC_ARC = YES;
				CLANG_ENABLE_OBJC_WEAK = YES;
				CLANG_WARN_BLOCK_CAPTURE_AUTORELEASING = YES;
				CLANG_WARN_BOOL_CONVERSION = YES;
				CLANG_WARN_COMMA = YES;
				CLANG_WARN_CONSTANT_CONVERSION = YES;
				CLANG_WARN_DEPRECATED_OBJC_IMPLEMENTATIONS = YES;
				CLANG_WARN_DIRECT_OBJC_ISA_USAGE = YES_ERROR;
				CLANG_WARN_DOCUMENTATION_COMMENTS = YES;
				CLANG_WARN_EMPTY_BODY = YES;
				CLANG_WARN_ENUM_CONVERSION = YES;
				CLANG_WARN_INFINITE_RECURSION = YES;
				CLANG_WARN_INT_CONVERSION = YES;
				CLANG_WARN_NON_LITERAL_NULL_CONVERSION = YES;
				CLANG_WARN_OBJC_IMPLICIT_RETAIN_SELF = YES;
				CLANG_WARN_OBJC_LITERAL_CONVERSION = YES;
				CLANG_WARN_OBJC_ROOT_CLASS = YES_ERROR;
				CLANG_WARN_QUOTED_INCLUDE_IN_FRAMEWORK_HEADER = YES;
				CLANG_WARN_RANGE_LOOP_ANALYSIS = YES;
				CLANG_WARN_STRICT_PROTOTYPES = YES;
				CLANG_WARN_SUSPICIOUS_MOVE = YES;
				CLANG_WARN_UNGUARDED_AVAILABILITY = YES_AGGRESSIVE;
				CLANG_WARN_UNREACHABLE_CODE = YES;
				CLANG_WARN__DUPLICATE_METHOD_MATCH = YES;
				COPY_PHASE_STRIP = NO;
				DEBUG_INFORMATION_FORMAT = dwarf;
				ENABLE_STRICT_OBJC_MSGSEND = YES;
				ENABLE_TESTABILITY = YES;
				ENABLE_USER_SCRIPT_SANDBOXING = YES;
				GCC_C_LANGUAGE_STANDARD = gnu17;
				GCC_DYNAMIC_NO_PIC = NO;
				GCC_NO_COMMON_BLOCKS = YES;
				GCC_OPTIMIZATION_LEVEL = 0;
				GCC_PREPROCESSOR_DEFINITIONS = (
					"DEBUG=1",
					"$(inherited)",
				);
				GCC_WARN_64_TO_32_BIT_CONVERSION = YES;
				GCC_WARN_ABOUT_RETURN_TYPE = YES_ERROR;
				GCC_WARN_UNDECLARED_SELECTOR = YES;
				GCC_WARN_UNINITIALIZED_AUTOS = YES_AGGRESSIVE;
				GCC_WARN_UNUSED_FUNCTION = YES;
				GCC_WARN_UNUSED_VARIABLE = YES;
				IPHONEOS_DEPLOYMENT_TARGET = 17.4;
				LOCALIZATION_PREFERS_STRING_CATALOGS = YES;
				MTL_ENABLE_DEBUG_INFO = INCLUDE_SOURCE;
				MTL_FAST_MATH = YES;
				ONLY_ACTIVE_ARCH = YES;
				SDKROOT = iphoneos;
				SWIFT_ACTIVE_COMPILATION_CONDITIONS = "DEBUG $(inherited)";
				SWIFT_OPTIMIZATION_LEVEL = "-Onone";
			};
			name = Debug;
		};
		C0BFDF112C07884100FB277F /* Release */ = {
			isa = XCBuildConfiguration;
			buildSettings = {
				ALWAYS_SEARCH_USER_PATHS = NO;
				ASSETCATALOG_COMPILER_GENERATE_SWIFT_ASSET_SYMBOL_EXTENSIONS = YES;
				CLANG_ANALYZER_NONNULL = YES;
				CLANG_ANALYZER_NUMBER_OBJECT_CONVERSION = YES_AGGRESSIVE;
				CLANG_CXX_LANGUAGE_STANDARD = "gnu++20";
				CLANG_ENABLE_MODULES = YES;
				CLANG_ENABLE_OBJC_ARC = YES;
				CLANG_ENABLE_OBJC_WEAK = YES;
				CLANG_WARN_BLOCK_CAPTURE_AUTORELEASING = YES;
				CLANG_WARN_BOOL_CONVERSION = YES;
				CLANG_WARN_COMMA = YES;
				CLANG_WARN_CONSTANT_CONVERSION = YES;
				CLANG_WARN_DEPRECATED_OBJC_IMPLEMENTATIONS = YES;
				CLANG_WARN_DIRECT_OBJC_ISA_USAGE = YES_ERROR;
				CLANG_WARN_DOCUMENTATION_COMMENTS = YES;
				CLANG_WARN_EMPTY_BODY = YES;
				CLANG_WARN_ENUM_CONVERSION = YES;
				CLANG_WARN_INFINITE_RECURSION = YES;
				CLANG_WARN_INT_CONVERSION = YES;
				CLANG_WARN_NON_LITERAL_NULL_CONVERSION = YES;
				CLANG_WARN_OBJC_IMPLICIT_RETAIN_SELF = YES;
				CLANG_WARN_OBJC_LITERAL_CONVERSION = YES;
				CLANG_WARN_OBJC_ROOT_CLASS = YES_ERROR;
				CLANG_WARN_QUOTED_INCLUDE_IN_FRAMEWORK_HEADER = YES;
				CLANG_WARN_RANGE_LOOP_ANALYSIS = YES;
				CLANG_WARN_STRICT_PROTOTYPES = YES;
				CLANG_WARN_SUSPICIOUS_MOVE = YES;
				CLANG_WARN_UNGUARDED_AVAILABILITY = YES_AGGRESSIVE;
				CLANG_WARN_UNREACHABLE_CODE = YES;
				CLANG_WARN__DUPLICATE_METHOD_MATCH = YES;
				COPY_PHASE_STRIP = NO;
				DEBUG_INFORMATION_FORMAT = "dwarf-with-dsym";
				ENABLE_NS_ASSERTIONS = NO;
				ENABLE_STRICT_OBJC_MSGSEND = YES;
				ENABLE_USER_SCRIPT_SANDBOXING = YES;
				GCC_C_LANGUAGE_STANDARD = gnu17;
				GCC_NO_COMMON_BLOCKS = YES;
				GCC_WARN_64_TO_32_BIT_CONVERSION = YES;
				GCC_WARN_ABOUT_RETURN_TYPE = YES_ERROR;
				GCC_WARN_UNDECLARED_SELECTOR = YES;
				GCC_WARN_UNINITIALIZED_AUTOS = YES_AGGRESSIVE;
				GCC_WARN_UNUSED_FUNCTION = YES;
				GCC_WARN_UNUSED_VARIABLE = YES;
				IPHONEOS_DEPLOYMENT_TARGET = 17.4;
				LOCALIZATION_PREFERS_STRING_CATALOGS = YES;
				MTL_ENABLE_DEBUG_INFO = NO;
				MTL_FAST_MATH = YES;
				SDKROOT = iphoneos;
				SWIFT_COMPILATION_MODE = wholemodule;
				VALIDATE_PRODUCT = YES;
			};
			name = Release;
		};
		C0BFDF132C07884100FB277F /* Debug */ = {
			isa = XCBuildConfiguration;
			buildSettings = {
				ASSETCATALOG_COMPILER_APPICON_NAME = AppIcon;
				ASSETCATALOG_COMPILER_GLOBAL_ACCENT_COLOR_NAME = AccentColor;
				CODE_SIGN_STYLE = Automatic;
				CURRENT_PROJECT_VERSION = 1;
				DEVELOPMENT_ASSET_PATHS = "\"HospitalManagementSystem/Preview Content\"";
				DEVELOPMENT_TEAM = R2862SJ6F3;
				ENABLE_PREVIEWS = YES;
				GENERATE_INFOPLIST_FILE = YES;
				INFOPLIST_KEY_UIApplicationSceneManifest_Generation = YES;
				INFOPLIST_KEY_UIApplicationSupportsIndirectInputEvents = YES;
				INFOPLIST_KEY_UILaunchScreen_Generation = YES;
				INFOPLIST_KEY_UISupportedInterfaceOrientations_iPad = "UIInterfaceOrientationPortrait UIInterfaceOrientationPortraitUpsideDown UIInterfaceOrientationLandscapeLeft UIInterfaceOrientationLandscapeRight";
				INFOPLIST_KEY_UISupportedInterfaceOrientations_iPhone = "UIInterfaceOrientationPortrait UIInterfaceOrientationLandscapeLeft UIInterfaceOrientationLandscapeRight";
				LD_RUNPATH_SEARCH_PATHS = (
					"$(inherited)",
					"@executable_path/Frameworks",
				);
				MARKETING_VERSION = 1.0;
				PRODUCT_BUNDLE_IDENTIFIER = Hawkeys.HospitalManagementSystem;
				PRODUCT_NAME = "$(TARGET_NAME)";
				SWIFT_EMIT_LOC_STRINGS = YES;
				SWIFT_VERSION = 5.0;
				TARGETED_DEVICE_FAMILY = "1,2";
			};
			name = Debug;
		};
		C0BFDF142C07884100FB277F /* Release */ = {
			isa = XCBuildConfiguration;
			buildSettings = {
				ASSETCATALOG_COMPILER_APPICON_NAME = AppIcon;
				ASSETCATALOG_COMPILER_GLOBAL_ACCENT_COLOR_NAME = AccentColor;
				CODE_SIGN_STYLE = Automatic;
				CURRENT_PROJECT_VERSION = 1;
				DEVELOPMENT_ASSET_PATHS = "\"HospitalManagementSystem/Preview Content\"";
				DEVELOPMENT_TEAM = R2862SJ6F3;
				ENABLE_PREVIEWS = YES;
				GENERATE_INFOPLIST_FILE = YES;
				INFOPLIST_KEY_UIApplicationSceneManifest_Generation = YES;
				INFOPLIST_KEY_UIApplicationSupportsIndirectInputEvents = YES;
				INFOPLIST_KEY_UILaunchScreen_Generation = YES;
				INFOPLIST_KEY_UISupportedInterfaceOrientations_iPad = "UIInterfaceOrientationPortrait UIInterfaceOrientationPortraitUpsideDown UIInterfaceOrientationLandscapeLeft UIInterfaceOrientationLandscapeRight";
				INFOPLIST_KEY_UISupportedInterfaceOrientations_iPhone = "UIInterfaceOrientationPortrait UIInterfaceOrientationLandscapeLeft UIInterfaceOrientationLandscapeRight";
				LD_RUNPATH_SEARCH_PATHS = (
					"$(inherited)",
					"@executable_path/Frameworks",
				);
				MARKETING_VERSION = 1.0;
				PRODUCT_BUNDLE_IDENTIFIER = Hawkeys.HospitalManagementSystem;
				PRODUCT_NAME = "$(TARGET_NAME)";
				SWIFT_EMIT_LOC_STRINGS = YES;
				SWIFT_VERSION = 5.0;
				TARGETED_DEVICE_FAMILY = "1,2";
			};
			name = Release;
		};
/* End XCBuildConfiguration section */

/* Begin XCConfigurationList section */
		C0BFDEFF2C07884000FB277F /* Build configuration list for PBXProject "HospitalManagementSystem" */ = {
			isa = XCConfigurationList;
			buildConfigurations = (
				C0BFDF102C07884100FB277F /* Debug */,
				C0BFDF112C07884100FB277F /* Release */,
			);
			defaultConfigurationIsVisible = 0;
			defaultConfigurationName = Release;
		};
		C0BFDF122C07884100FB277F /* Build configuration list for PBXNativeTarget "HospitalManagementSystem" */ = {
			isa = XCConfigurationList;
			buildConfigurations = (
				C0BFDF132C07884100FB277F /* Debug */,
				C0BFDF142C07884100FB277F /* Release */,
			);
			defaultConfigurationIsVisible = 0;
			defaultConfigurationName = Release;
		};
/* End XCConfigurationList section */
	};
	rootObject = C0BFDEFC2C07884000FB277F /* Project object */;
}
